
Microsoft Visual Studio Solution File, Format Version 12.00
# Visual Studio 15
VisualStudioVersion = 15.0.26228.12
MinimumVisualStudioVersion = 10.0.40219.1
Project("{FAE04EC0-301F-11D3-BF4B-00C04F79EFBC}") = "XamarinCacheTest.Android", "XamarinCacheTest\XamarinCacheTest.Android\XamarinCacheTest.Android.csproj", "{54F95F03-1872-426E-A558-27970192D07F}"
EndProject
Project("{FAE04EC0-301F-11D3-BF4B-00C04F79EFBC}") = "XamarinCacheTest", "XamarinCacheTest\XamarinCacheTest\XamarinCacheTest.csproj", "{B6969D66-793C-4777-9E5D-509226BB709C}"
EndProject
Project("{FAE04EC0-301F-11D3-BF4B-00C04F79EFBC}") = "XamarinCacheTest.UWP", "XamarinCacheTest\XamarinCacheTest.UWP\XamarinCacheTest.UWP.csproj", "{E642BB60-5228-45CA-9C5C-98F97FAC6DEB}"
EndProject
Global
	GlobalSection(SolutionConfigurationPlatforms) = preSolution
		Ad-Hoc|Any CPU = Ad-Hoc|Any CPU
		Ad-Hoc|ARM = Ad-Hoc|ARM
		Ad-Hoc|iPhone = Ad-Hoc|iPhone
		Ad-Hoc|iPhoneSimulator = Ad-Hoc|iPhoneSimulator
		Ad-Hoc|x64 = Ad-Hoc|x64
		Ad-Hoc|x86 = Ad-Hoc|x86
		AppStore|Any CPU = AppStore|Any CPU
		AppStore|ARM = AppStore|ARM
		AppStore|iPhone = AppStore|iPhone
		AppStore|iPhoneSimulator = AppStore|iPhoneSimulator
		AppStore|x64 = AppStore|x64
		AppStore|x86 = AppStore|x86
		Debug|Any CPU = Debug|Any CPU
		Debug|ARM = Debug|ARM
		Debug|iPhone = Debug|iPhone
		Debug|iPhoneSimulator = Debug|iPhoneSimulator
		Debug|x64 = Debug|x64
		Debug|x86 = Debug|x86
		Release|Any CPU = Release|Any CPU
		Release|ARM = Release|ARM
		Release|iPhone = Release|iPhone
		Release|iPhoneSimulator = Release|iPhoneSimulator
		Release|x64 = Release|x64
		Release|x86 = Release|x86
	EndGlobalSection
	GlobalSection(ProjectConfigurationPlatforms) = postSolution
		{54F95F03-1872-426E-A558-27970192D07F}.Ad-Hoc|Any CPU.ActiveCfg = Release|Any CPU
		{54F95F03-1872-426E-A558-27970192D07F}.Ad-Hoc|Any CPU.Build.0 = Release|Any CPU
		{54F95F03-1872-426E-A558-27970192D07F}.Ad-Hoc|Any CPU.Deploy.0 = Release|Any CPU
		{54F95F03-1872-426E-A558-27970192D07F}.Ad-Hoc|ARM.ActiveCfg = Release|Any CPU
		{54F95F03-1872-426E-A558-27970192D07F}.Ad-Hoc|ARM.Build.0 = Release|Any CPU
		{54F95F03-1872-426E-A558-27970192D07F}.Ad-Hoc|ARM.Deploy.0 = Release|Any CPU
		{54F95F03-1872-426E-A558-27970192D07F}.Ad-Hoc|iPhone.ActiveCfg = Release|Any CPU
		{54F95F03-1872-426E-A558-27970192D07F}.Ad-Hoc|iPhone.Build.0 = Release|Any CPU
		{54F95F03-1872-426E-A558-27970192D07F}.Ad-Hoc|iPhone.Deploy.0 = Release|Any CPU
		{54F95F03-1872-426E-A558-27970192D07F}.Ad-Hoc|iPhoneSimulator.ActiveCfg = Release|Any CPU
		{54F95F03-1872-426E-A558-27970192D07F}.Ad-Hoc|iPhoneSimulator.Build.0 = Release|Any CPU
		{54F95F03-1872-426E-A558-27970192D07F}.Ad-Hoc|iPhoneSimulator.Deploy.0 = Release|Any CPU
		{54F95F03-1872-426E-A558-27970192D07F}.Ad-Hoc|x64.ActiveCfg = Release|Any CPU
		{54F95F03-1872-426E-A558-27970192D07F}.Ad-Hoc|x64.Build.0 = Release|Any CPU
		{54F95F03-1872-426E-A558-27970192D07F}.Ad-Hoc|x64.Deploy.0 = Release|Any CPU
		{54F95F03-1872-426E-A558-27970192D07F}.Ad-Hoc|x86.ActiveCfg = Release|Any CPU
		{54F95F03-1872-426E-A558-27970192D07F}.Ad-Hoc|x86.Build.0 = Release|Any CPU
		{54F95F03-1872-426E-A558-27970192D07F}.Ad-Hoc|x86.Deploy.0 = Release|Any CPU
		{54F95F03-1872-426E-A558-27970192D07F}.AppStore|Any CPU.ActiveCfg = Release|Any CPU
		{54F95F03-1872-426E-A558-27970192D07F}.AppStore|Any CPU.Build.0 = Release|Any CPU
		{54F95F03-1872-426E-A558-27970192D07F}.AppStore|Any CPU.Deploy.0 = Release|Any CPU
		{54F95F03-1872-426E-A558-27970192D07F}.AppStore|ARM.ActiveCfg = Release|Any CPU
		{54F95F03-1872-426E-A558-27970192D07F}.AppStore|ARM.Build.0 = Release|Any CPU
		{54F95F03-1872-426E-A558-27970192D07F}.AppStore|ARM.Deploy.0 = Release|Any CPU
		{54F95F03-1872-426E-A558-27970192D07F}.AppStore|iPhone.ActiveCfg = Release|Any CPU
		{54F95F03-1872-426E-A558-27970192D07F}.AppStore|iPhone.Build.0 = Release|Any CPU
		{54F95F03-1872-426E-A558-27970192D07F}.AppStore|iPhone.Deploy.0 = Release|Any CPU
		{54F95F03-1872-426E-A558-27970192D07F}.AppStore|iPhoneSimulator.ActiveCfg = Release|Any CPU
		{54F95F03-1872-426E-A558-27970192D07F}.AppStore|iPhoneSimulator.Build.0 = Release|Any CPU
		{54F95F03-1872-426E-A558-27970192D07F}.AppStore|iPhoneSimulator.Deploy.0 = Release|Any CPU
		{54F95F03-1872-426E-A558-27970192D07F}.AppStore|x64.ActiveCfg = Release|Any CPU
		{54F95F03-1872-426E-A558-27970192D07F}.AppStore|x64.Build.0 = Release|Any CPU
		{54F95F03-1872-426E-A558-27970192D07F}.AppStore|x64.Deploy.0 = Release|Any CPU
		{54F95F03-1872-426E-A558-27970192D07F}.AppStore|x86.ActiveCfg = Release|Any CPU
		{54F95F03-1872-426E-A558-27970192D07F}.AppStore|x86.Build.0 = Release|Any CPU
		{54F95F03-1872-426E-A558-27970192D07F}.AppStore|x86.Deploy.0 = Release|Any CPU
		{54F95F03-1872-426E-A558-27970192D07F}.Debug|Any CPU.ActiveCfg = Debug|Any CPU
		{54F95F03-1872-426E-A558-27970192D07F}.Debug|Any CPU.Build.0 = Debug|Any CPU
		{54F95F03-1872-426E-A558-27970192D07F}.Debug|Any CPU.Deploy.0 = Debug|Any CPU
		{54F95F03-1872-426E-A558-27970192D07F}.Debug|ARM.ActiveCfg = Debug|Any CPU
		{54F95F03-1872-426E-A558-27970192D07F}.Debug|ARM.Build.0 = Debug|Any CPU
		{54F95F03-1872-426E-A558-27970192D07F}.Debug|ARM.Deploy.0 = Debug|Any CPU
		{54F95F03-1872-426E-A558-27970192D07F}.Debug|iPhone.ActiveCfg = Debug|Any CPU
		{54F95F03-1872-426E-A558-27970192D07F}.Debug|iPhone.Build.0 = Debug|Any CPU
		{54F95F03-1872-426E-A558-27970192D07F}.Debug|iPhone.Deploy.0 = Debug|Any CPU
		{54F95F03-1872-426E-A558-27970192D07F}.Debug|iPhoneSimulator.ActiveCfg = Debug|Any CPU
		{54F95F03-1872-426E-A558-27970192D07F}.Debug|iPhoneSimulator.Build.0 = Debug|Any CPU
		{54F95F03-1872-426E-A558-27970192D07F}.Debug|iPhoneSimulator.Deploy.0 = Debug|Any CPU
		{54F95F03-1872-426E-A558-27970192D07F}.Debug|x64.ActiveCfg = Debug|Any CPU
		{54F95F03-1872-426E-A558-27970192D07F}.Debug|x64.Build.0 = Debug|Any CPU
		{54F95F03-1872-426E-A558-27970192D07F}.Debug|x64.Deploy.0 = Debug|Any CPU
		{54F95F03-1872-426E-A558-27970192D07F}.Debug|x86.ActiveCfg = Debug|Any CPU
		{54F95F03-1872-426E-A558-27970192D07F}.Debug|x86.Build.0 = Debug|Any CPU
		{54F95F03-1872-426E-A558-27970192D07F}.Debug|x86.Deploy.0 = Debug|Any CPU
		{54F95F03-1872-426E-A558-27970192D07F}.Release|Any CPU.ActiveCfg = Release|Any CPU
		{54F95F03-1872-426E-A558-27970192D07F}.Release|Any CPU.Build.0 = Release|Any CPU
		{54F95F03-1872-426E-A558-27970192D07F}.Release|Any CPU.Deploy.0 = Release|Any CPU
		{54F95F03-1872-426E-A558-27970192D07F}.Release|ARM.ActiveCfg = Release|Any CPU
		{54F95F03-1872-426E-A558-27970192D07F}.Release|ARM.Build.0 = Release|Any CPU
		{54F95F03-1872-426E-A558-27970192D07F}.Release|ARM.Deploy.0 = Release|Any CPU
		{54F95F03-1872-426E-A558-27970192D07F}.Release|iPhone.ActiveCfg = Release|Any CPU
		{54F95F03-1872-426E-A558-27970192D07F}.Release|iPhone.Build.0 = Release|Any CPU
		{54F95F03-1872-426E-A558-27970192D07F}.Release|iPhone.Deploy.0 = Release|Any CPU
		{54F95F03-1872-426E-A558-27970192D07F}.Release|iPhoneSimulator.ActiveCfg = Release|Any CPU
		{54F95F03-1872-426E-A558-27970192D07F}.Release|iPhoneSimulator.Build.0 = Release|Any CPU
		{54F95F03-1872-426E-A558-27970192D07F}.Release|iPhoneSimulator.Deploy.0 = Release|Any CPU
		{54F95F03-1872-426E-A558-27970192D07F}.Release|x64.ActiveCfg = Release|Any CPU
		{54F95F03-1872-426E-A558-27970192D07F}.Release|x64.Build.0 = Release|Any CPU
		{54F95F03-1872-426E-A558-27970192D07F}.Release|x64.Deploy.0 = Release|Any CPU
		{54F95F03-1872-426E-A558-27970192D07F}.Release|x86.ActiveCfg = Release|Any CPU
		{54F95F03-1872-426E-A558-27970192D07F}.Release|x86.Build.0 = Release|Any CPU
		{54F95F03-1872-426E-A558-27970192D07F}.Release|x86.Deploy.0 = Release|Any CPU
		{B6969D66-793C-4777-9E5D-509226BB709C}.Ad-Hoc|Any CPU.ActiveCfg = Release|Any CPU
		{B6969D66-793C-4777-9E5D-509226BB709C}.Ad-Hoc|Any CPU.Build.0 = Release|Any CPU
		{B6969D66-793C-4777-9E5D-509226BB709C}.Ad-Hoc|ARM.ActiveCfg = Release|Any CPU
		{B6969D66-793C-4777-9E5D-509226BB709C}.Ad-Hoc|ARM.Build.0 = Release|Any CPU
		{B6969D66-793C-4777-9E5D-509226BB709C}.Ad-Hoc|iPhone.ActiveCfg = Release|Any CPU
		{B6969D66-793C-4777-9E5D-509226BB709C}.Ad-Hoc|iPhone.Build.0 = Release|Any CPU
		{B6969D66-793C-4777-9E5D-509226BB709C}.Ad-Hoc|iPhoneSimulator.ActiveCfg = Release|Any CPU
		{B6969D66-793C-4777-9E5D-509226BB709C}.Ad-Hoc|iPhoneSimulator.Build.0 = Release|Any CPU
		{B6969D66-793C-4777-9E5D-509226BB709C}.Ad-Hoc|x64.ActiveCfg = Release|Any CPU
		{B6969D66-793C-4777-9E5D-509226BB709C}.Ad-Hoc|x64.Build.0 = Release|Any CPU
		{B6969D66-793C-4777-9E5D-509226BB709C}.Ad-Hoc|x86.ActiveCfg = Release|Any CPU
		{B6969D66-793C-4777-9E5D-509226BB709C}.Ad-Hoc|x86.Build.0 = Release|Any CPU
		{B6969D66-793C-4777-9E5D-509226BB709C}.AppStore|Any CPU.ActiveCfg = Release|Any CPU
		{B6969D66-793C-4777-9E5D-509226BB709C}.AppStore|Any CPU.Build.0 = Release|Any CPU
		{B6969D66-793C-4777-9E5D-509226BB709C}.AppStore|ARM.ActiveCfg = Release|Any CPU
		{B6969D66-793C-4777-9E5D-509226BB709C}.AppStore|ARM.Build.0 = Release|Any CPU
		{B6969D66-793C-4777-9E5D-509226BB709C}.AppStore|iPhone.ActiveCfg = Release|Any CPU
		{B6969D66-793C-4777-9E5D-509226BB709C}.AppStore|iPhone.Build.0 = Release|Any CPU
		{B6969D66-793C-4777-9E5D-509226BB709C}.AppStore|iPhoneSimulator.ActiveCfg = Release|Any CPU
		{B6969D66-793C-4777-9E5D-509226BB709C}.AppStore|iPhoneSimulator.Build.0 = Release|Any CPU
		{B6969D66-793C-4777-9E5D-509226BB709C}.AppStore|x64.ActiveCfg = Release|Any CPU
		{B6969D66-793C-4777-9E5D-509226BB709C}.AppStore|x64.Build.0 = Release|Any CPU
		{B6969D66-793C-4777-9E5D-509226BB709C}.AppStore|x86.ActiveCfg = Release|Any CPU
		{B6969D66-793C-4777-9E5D-509226BB709C}.AppStore|x86.Build.0 = Release|Any CPU
		{B6969D66-793C-4777-9E5D-509226BB709C}.Debug|Any CPU.ActiveCfg = Debug|Any CPU
		{B6969D66-793C-4777-9E5D-509226BB709C}.Debug|Any CPU.Build.0 = Debug|Any CPU
		{B6969D66-793C-4777-9E5D-509226BB709C}.Debug|ARM.ActiveCfg = Debug|Any CPU
		{B6969D66-793C-4777-9E5D-509226BB709C}.Debug|ARM.Build.0 = Debug|Any CPU
		{B6969D66-793C-4777-9E5D-509226BB709C}.Debug|iPhone.ActiveCfg = Debug|Any CPU
		{B6969D66-793C-4777-9E5D-509226BB709C}.Debug|iPhone.Build.0 = Debug|Any CPU
		{B6969D66-793C-4777-9E5D-509226BB709C}.Debug|iPhoneSimulator.ActiveCfg = Debug|Any CPU
		{B6969D66-793C-4777-9E5D-509226BB709C}.Debug|iPhoneSimulator.Build.0 = Debug|Any CPU
		{B6969D66-793C-4777-9E5D-509226BB709C}.Debug|x64.ActiveCfg = Debug|Any CPU
		{B6969D66-793C-4777-9E5D-509226BB709C}.Debug|x64.Build.0 = Debug|Any CPU
		{B6969D66-793C-4777-9E5D-509226BB709C}.Debug|x86.ActiveCfg = Debug|Any CPU
		{B6969D66-793C-4777-9E5D-509226BB709C}.Debug|x86.Build.0 = Debug|Any CPU
		{B6969D66-793C-4777-9E5D-509226BB709C}.Release|Any CPU.ActiveCfg = Release|Any CPU
		{B6969D66-793C-4777-9E5D-509226BB709C}.Release|Any CPU.Build.0 = Release|Any CPU
		{B6969D66-793C-4777-9E5D-509226BB709C}.Release|ARM.ActiveCfg = Release|Any CPU
		{B6969D66-793C-4777-9E5D-509226BB709C}.Release|ARM.Build.0 = Release|Any CPU
		{B6969D66-793C-4777-9E5D-509226BB709C}.Release|iPhone.ActiveCfg = Release|Any CPU
		{B6969D66-793C-4777-9E5D-509226BB709C}.Release|iPhone.Build.0 = Release|Any CPU
		{B6969D66-793C-4777-9E5D-509226BB709C}.Release|iPhoneSimulator.ActiveCfg = Release|Any CPU
		{B6969D66-793C-4777-9E5D-509226BB709C}.Release|iPhoneSimulator.Build.0 = Release|Any CPU
		{B6969D66-793C-4777-9E5D-509226BB709C}.Release|x64.ActiveCfg = Release|Any CPU
		{B6969D66-793C-4777-9E5D-509226BB709C}.Release|x64.Build.0 = Release|Any CPU
		{B6969D66-793C-4777-9E5D-509226BB709C}.Release|x86.ActiveCfg = Release|Any CPU
		{B6969D66-793C-4777-9E5D-509226BB709C}.Release|x86.Build.0 = Release|Any CPU
		{E642BB60-5228-45CA-9C5C-98F97FAC6DEB}.Ad-Hoc|Any CPU.ActiveCfg = Release|x86
		{E642BB60-5228-45CA-9C5C-98F97FAC6DEB}.Ad-Hoc|Any CPU.Build.0 = Release|x86
		{E642BB60-5228-45CA-9C5C-98F97FAC6DEB}.Ad-Hoc|Any CPU.Deploy.0 = Release|x86
		{E642BB60-5228-45CA-9C5C-98F97FAC6DEB}.Ad-Hoc|ARM.ActiveCfg = Release|ARM
		{E642BB60-5228-45CA-9C5C-98F97FAC6DEB}.Ad-Hoc|ARM.Build.0 = Release|ARM
		{E642BB60-5228-45CA-9C5C-98F97FAC6DEB}.Ad-Hoc|ARM.Deploy.0 = Release|ARM
		{E642BB60-5228-45CA-9C5C-98F97FAC6DEB}.Ad-Hoc|iPhone.ActiveCfg = Release|x86
		{E642BB60-5228-45CA-9C5C-98F97FAC6DEB}.Ad-Hoc|iPhone.Build.0 = Release|x86
		{E642BB60-5228-45CA-9C5C-98F97FAC6DEB}.Ad-Hoc|iPhone.Deploy.0 = Release|x86
		{E642BB60-5228-45CA-9C5C-98F97FAC6DEB}.Ad-Hoc|iPhoneSimulator.ActiveCfg = Release|x86
		{E642BB60-5228-45CA-9C5C-98F97FAC6DEB}.Ad-Hoc|iPhoneSimulator.Build.0 = Release|x86
		{E642BB60-5228-45CA-9C5C-98F97FAC6DEB}.Ad-Hoc|iPhoneSimulator.Deploy.0 = Release|x86
		{E642BB60-5228-45CA-9C5C-98F97FAC6DEB}.Ad-Hoc|x64.ActiveCfg = Release|x64
		{E642BB60-5228-45CA-9C5C-98F97FAC6DEB}.Ad-Hoc|x64.Build.0 = Release|x64
		{E642BB60-5228-45CA-9C5C-98F97FAC6DEB}.Ad-Hoc|x64.Deploy.0 = Release|x64
		{E642BB60-5228-45CA-9C5C-98F97FAC6DEB}.Ad-Hoc|x86.ActiveCfg = Release|x86
		{E642BB60-5228-45CA-9C5C-98F97FAC6DEB}.Ad-Hoc|x86.Build.0 = Release|x86
		{E642BB60-5228-45CA-9C5C-98F97FAC6DEB}.Ad-Hoc|x86.Deploy.0 = Release|x86
		{E642BB60-5228-45CA-9C5C-98F97FAC6DEB}.AppStore|Any CPU.ActiveCfg = Release|x86
		{E642BB60-5228-45CA-9C5C-98F97FAC6DEB}.AppStore|Any CPU.Build.0 = Release|x86
		{E642BB60-5228-45CA-9C5C-98F97FAC6DEB}.AppStore|Any CPU.Deploy.0 = Release|x86
		{E642BB60-5228-45CA-9C5C-98F97FAC6DEB}.AppStore|ARM.ActiveCfg = Release|ARM
		{E642BB60-5228-45CA-9C5C-98F97FAC6DEB}.AppStore|ARM.Build.0 = Release|ARM
		{E642BB60-5228-45CA-9C5C-98F97FAC6DEB}.AppStore|ARM.Deploy.0 = Release|ARM
		{E642BB60-5228-45CA-9C5C-98F97FAC6DEB}.AppStore|iPhone.ActiveCfg = Release|x86
		{E642BB60-5228-45CA-9C5C-98F97FAC6DEB}.AppStore|iPhone.Build.0 = Release|x86
		{E642BB60-5228-45CA-9C5C-98F97FAC6DEB}.AppStore|iPhone.Deploy.0 = Release|x86
		{E642BB60-5228-45CA-9C5C-98F97FAC6DEB}.AppStore|iPhoneSimulator.ActiveCfg = Release|x86
		{E642BB60-5228-45CA-9C5C-98F97FAC6DEB}.AppStore|iPhoneSimulator.Build.0 = Release|x86
		{E642BB60-5228-45CA-9C5C-98F97FAC6DEB}.AppStore|iPhoneSimulator.Deploy.0 = Release|x86
		{E642BB60-5228-45CA-9C5C-98F97FAC6DEB}.AppStore|x64.ActiveCfg = Release|x64
		{E642BB60-5228-45CA-9C5C-98F97FAC6DEB}.AppStore|x64.Build.0 = Release|x64
		{E642BB60-5228-45CA-9C5C-98F97FAC6DEB}.AppStore|x64.Deploy.0 = Release|x64
		{E642BB60-5228-45CA-9C5C-98F97FAC6DEB}.AppStore|x86.ActiveCfg = Release|x86
		{E642BB60-5228-45CA-9C5C-98F97FAC6DEB}.AppStore|x86.Build.0 = Release|x86
		{E642BB60-5228-45CA-9C5C-98F97FAC6DEB}.AppStore|x86.Deploy.0 = Release|x86
		{E642BB60-5228-45CA-9C5C-98F97FAC6DEB}.Debug|Any CPU.ActiveCfg = Debug|x86
		{E642BB60-5228-45CA-9C5C-98F97FAC6DEB}.Debug|ARM.ActiveCfg = Debug|ARM
		{E642BB60-5228-45CA-9C5C-98F97FAC6DEB}.Debug|ARM.Build.0 = Debug|ARM
		{E642BB60-5228-45CA-9C5C-98F97FAC6DEB}.Debug|ARM.Deploy.0 = Debug|ARM
		{E642BB60-5228-45CA-9C5C-98F97FAC6DEB}.Debug|iPhone.ActiveCfg = Debug|x86
		{E642BB60-5228-45CA-9C5C-98F97FAC6DEB}.Debug|iPhoneSimulator.ActiveCfg = Debug|x86
		{E642BB60-5228-45CA-9C5C-98F97FAC6DEB}.Debug|x64.ActiveCfg = Debug|x64
		{E642BB60-5228-45CA-9C5C-98F97FAC6DEB}.Debug|x64.Build.0 = Debug|x64
		{E642BB60-5228-45CA-9C5C-98F97FAC6DEB}.Debug|x64.Deploy.0 = Debug|x64
		{E642BB60-5228-45CA-9C5C-98F97FAC6DEB}.Debug|x86.ActiveCfg = Debug|x86
		{E642BB60-5228-45CA-9C5C-98F97FAC6DEB}.Debug|x86.Build.0 = Debug|x86
		{E642BB60-5228-45CA-9C5C-98F97FAC6DEB}.Debug|x86.Deploy.0 = Debug|x86
		{E642BB60-5228-45CA-9C5C-98F97FAC6DEB}.Release|Any CPU.ActiveCfg = Release|x86
		{E642BB60-5228-45CA-9C5C-98F97FAC6DEB}.Release|ARM.ActiveCfg = Release|ARM
		{E642BB60-5228-45CA-9C5C-98F97FAC6DEB}.Release|ARM.Build.0 = Release|ARM
		{E642BB60-5228-45CA-9C5C-98F97FAC6DEB}.Release|ARM.Deploy.0 = Release|ARM
		{E642BB60-5228-45CA-9C5C-98F97FAC6DEB}.Release|iPhone.ActiveCfg = Release|x86
		{E642BB60-5228-45CA-9C5C-98F97FAC6DEB}.Release|iPhoneSimulator.ActiveCfg = Release|x86
		{E642BB60-5228-45CA-9C5C-98F97FAC6DEB}.Release|x64.ActiveCfg = Release|x64
		{E642BB60-5228-45CA-9C5C-98F97FAC6DEB}.Release|x64.Build.0 = Release|x64
		{E642BB60-5228-45CA-9C5C-98F97FAC6DEB}.Release|x64.Deploy.0 = Release|x64
		{E642BB60-5228-45CA-9C5C-98F97FAC6DEB}.Release|x86.ActiveCfg = Release|x86
		{E642BB60-5228-45CA-9C5C-98F97FAC6DEB}.Release|x86.Build.0 = Release|x86
		{E642BB60-5228-45CA-9C5C-98F97FAC6DEB}.Release|x86.Deploy.0 = Release|x86
	EndGlobalSection
	GlobalSection(SolutionProperties) = preSolution
		HideSolutionNode = FALSE
	EndGlobalSection
EndGlobal
